
Microsoft Visual Studio Solution File, Format Version 12.00
# Visual Studio Version 16
VisualStudioVersion = 16.0.30717.126
MinimumVisualStudioVersion = 10.0.40219.1
Project("{8BC9CEB8-8B4A-11D0-8D11-00A0C91BC942}") = "Home_Work26_Task2", "Home_Work26_Task2.vcxproj", "{7EA6745B-2DD2-4F5C-AC22-91B1CA07E1FE}"
EndProject
Global
	GlobalSection(SolutionConfigurationPlatforms) = preSolution
		Debug|x64 = Debug|x64
		Debug|x86 = Debug|x86
		Release|x64 = Release|x64
		Release|x86 = Release|x86
	EndGlobalSection
	GlobalSection(ProjectConfigurationPlatforms) = postSolution
		{7EA6745B-2DD2-4F5C-AC22-91B1CA07E1FE}.Debug|x64.ActiveCfg = Debug|x64
		{7EA6745B-2DD2-4F5C-AC22-91B1CA07E1FE}.Debug|x64.Build.0 = Debug|x64
		{7EA6745B-2DD2-4F5C-AC22-91B1CA07E1FE}.Debug|x86.ActiveCfg = Debug|Win32
		{7EA6745B-2DD2-4F5C-AC22-91B1CA07E1FE}.Debug|x86.Build.0 = Debug|Win32
		{7EA6745B-2DD2-4F5C-AC22-91B1CA07E1FE}.Release|x64.ActiveCfg = Release|x64
		{7EA6745B-2DD2-4F5C-AC22-91B1CA07E1FE}.Release|x64.Build.0 = Release|x64
		{7EA6745B-2DD2-4F5C-AC22-91B1CA07E1FE}.Release|x86.ActiveCfg = Release|Win32
		{7EA6745B-2DD2-4F5C-AC22-91B1CA07E1FE}.Release|x86.Build.0 = Release|Win32
	EndGlobalSection
	GlobalSection(SolutionProperties) = preSolution
		HideSolutionNode = FALSE
	EndGlobalSection
	GlobalSection(ExtensibilityGlobals) = postSolution
		SolutionGuid = {02FC4EDB-5CCD-49EB-B9F3-F612A1A0AEF0}
	EndGlobalSection
EndGlobal
